{
  "name": "Quranic-school-main",
  "lockfileVersion": 3,
  "requires": true,
  "packages": {
    "": {
      "devDependencies": {
        "@types/react-responsive": "^8.0.8"
      }
    },
    "node_modules/@types/react": {
      "dev": true
    },
    "node_modules/@types/react-responsive": {
      "version": "8.0.8",
      "resolved": "https://registry.npmjs.org/@types/react-responsive/-/react-responsive-8.0.8.tgz",
      "integrity": "sha512-HDUZtoeFRHrShCGaND23HmXAB9evOOTjkghd2wAasLkuorYYitm5A1XLeKkhXKZppcMBxqB/8V4Snl6hRUTA8g==",
      "dev": true,
      "license": "MIT",
      "dependencies": {
        "@types/react": "*"
      }
    }
  }
}
